
Microsoft Visual Studio Solution File, Format Version 11.00
# Visual Studio 2010
# SharpDevelop 5.1
Project("{FAE04EC0-301F-11D3-BF4B-00C04F79EFBC}") = "ProNote", "ProNote.csproj", "{CCA1FEF3-02B5-4B8C-AEB0-487F2773B020}"
EndProject
Global
	GlobalSection(SolutionConfigurationPlatforms) = preSolution
		Debug|Any CPU = Debug|Any CPU
		Release|Any CPU = Release|Any CPU
	EndGlobalSection
	GlobalSection(ProjectConfigurationPlatforms) = postSolution
		{CCA1FEF3-02B5-4B8C-AEB0-487F2773B020}.Debug|Any CPU.ActiveCfg = Debug|Any CPU
		{CCA1FEF3-02B5-4B8C-AEB0-487F2773B020}.Debug|Any CPU.Build.0 = Debug|Any CPU
		{CCA1FEF3-02B5-4B8C-AEB0-487F2773B020}.Release|Any CPU.ActiveCfg = Release|Any CPU
		{CCA1FEF3-02B5-4B8C-AEB0-487F2773B020}.Release|Any CPU.Build.0 = Release|Any CPU
	EndGlobalSection
EndGlobal
